
Microsoft Visual Studio Solution File, Format Version 12.00
# Visual Studio Version 17
VisualStudioVersion = 17.0.31521.260
MinimumVisualStudioVersion = 10.0.40219.1
Project("{FAE04EC0-301F-11D3-BF4B-00C04F79EFBC}") = "LearningNotificationHubs.API", "LearningNotificationHubs.API\LearningNotificationHubs.API.csproj", "{145646FE-FAA7-4269-A81A-913D20742E44}"
EndProject
Project("{FAE04EC0-301F-11D3-BF4B-00C04F79EFBC}") = "LearningNotificationHubs.Xam.UWP", "LearningNotificationHubs.Xam\LearningNotificationHubs.Xam.UWP\LearningNotificationHubs.Xam.UWP.csproj", "{F97EF060-2759-4314-802E-DB151CE8806B}"
EndProject
Project("{FAE04EC0-301F-11D3-BF4B-00C04F79EFBC}") = "LearningNotificationHubs.Xam.Android", "LearningNotificationHubs.Xam\LearningNotificationHubs.Xam.Android\LearningNotificationHubs.Xam.Android.csproj", "{7DBC7D5D-0A7E-418C-A7CA-827170FB5CF1}"
EndProject
Project("{FAE04EC0-301F-11D3-BF4B-00C04F79EFBC}") = "LearningNotificationHubs.Xam.iOS", "LearningNotificationHubs.Xam\LearningNotificationHubs.Xam.iOS\LearningNotificationHubs.Xam.iOS.csproj", "{5B798421-5FB0-419C-AC63-8B77F1D48814}"
EndProject
Project("{FAE04EC0-301F-11D3-BF4B-00C04F79EFBC}") = "LearningNotificationHubs.Xam", "LearningNotificationHubs.Xam\LearningNotificationHubs.Xam\LearningNotificationHubs.Xam.csproj", "{D4454B23-E190-4CD1-AF4E-5DEFB75659E6}"
EndProject
Project("{FAE04EC0-301F-11D3-BF4B-00C04F79EFBC}") = "LearningNotificationHubs.Shared", "LearningNotificationHubs.Shared\LearningNotificationHubs.Shared.csproj", "{EE76787E-CE4B-42E7-AC60-8382C7724300}"
EndProject
Global
	GlobalSection(SolutionConfigurationPlatforms) = preSolution
		Debug|Any CPU = Debug|Any CPU
		Debug|ARM = Debug|ARM
		Debug|iPhone = Debug|iPhone
		Debug|iPhoneSimulator = Debug|iPhoneSimulator
		Debug|x64 = Debug|x64
		Debug|x86 = Debug|x86
		Release|Any CPU = Release|Any CPU
		Release|ARM = Release|ARM
		Release|iPhone = Release|iPhone
		Release|iPhoneSimulator = Release|iPhoneSimulator
		Release|x64 = Release|x64
		Release|x86 = Release|x86
	EndGlobalSection
	GlobalSection(ProjectConfigurationPlatforms) = postSolution
		{145646FE-FAA7-4269-A81A-913D20742E44}.Debug|Any CPU.ActiveCfg = Debug|Any CPU
		{145646FE-FAA7-4269-A81A-913D20742E44}.Debug|Any CPU.Build.0 = Debug|Any CPU
		{145646FE-FAA7-4269-A81A-913D20742E44}.Debug|ARM.ActiveCfg = Debug|Any CPU
		{145646FE-FAA7-4269-A81A-913D20742E44}.Debug|ARM.Build.0 = Debug|Any CPU
		{145646FE-FAA7-4269-A81A-913D20742E44}.Debug|iPhone.ActiveCfg = Debug|Any CPU
		{145646FE-FAA7-4269-A81A-913D20742E44}.Debug|iPhone.Build.0 = Debug|Any CPU
		{145646FE-FAA7-4269-A81A-913D20742E44}.Debug|iPhoneSimulator.ActiveCfg = Debug|Any CPU
		{145646FE-FAA7-4269-A81A-913D20742E44}.Debug|iPhoneSimulator.Build.0 = Debug|Any CPU
		{145646FE-FAA7-4269-A81A-913D20742E44}.Debug|x64.ActiveCfg = Debug|Any CPU
		{145646FE-FAA7-4269-A81A-913D20742E44}.Debug|x64.Build.0 = Debug|Any CPU
		{145646FE-FAA7-4269-A81A-913D20742E44}.Debug|x86.ActiveCfg = Debug|Any CPU
		{145646FE-FAA7-4269-A81A-913D20742E44}.Debug|x86.Build.0 = Debug|Any CPU
		{145646FE-FAA7-4269-A81A-913D20742E44}.Release|Any CPU.ActiveCfg = Release|Any CPU
		{145646FE-FAA7-4269-A81A-913D20742E44}.Release|Any CPU.Build.0 = Release|Any CPU
		{145646FE-FAA7-4269-A81A-913D20742E44}.Release|ARM.ActiveCfg = Release|Any CPU
		{145646FE-FAA7-4269-A81A-913D20742E44}.Release|ARM.Build.0 = Release|Any CPU
		{145646FE-FAA7-4269-A81A-913D20742E44}.Release|iPhone.ActiveCfg = Release|Any CPU
		{145646FE-FAA7-4269-A81A-913D20742E44}.Release|iPhone.Build.0 = Release|Any CPU
		{145646FE-FAA7-4269-A81A-913D20742E44}.Release|iPhoneSimulator.ActiveCfg = Release|Any CPU
		{145646FE-FAA7-4269-A81A-913D20742E44}.Release|iPhoneSimulator.Build.0 = Release|Any CPU
		{145646FE-FAA7-4269-A81A-913D20742E44}.Release|x64.ActiveCfg = Release|Any CPU
		{145646FE-FAA7-4269-A81A-913D20742E44}.Release|x64.Build.0 = Release|Any CPU
		{145646FE-FAA7-4269-A81A-913D20742E44}.Release|x86.ActiveCfg = Release|Any CPU
		{145646FE-FAA7-4269-A81A-913D20742E44}.Release|x86.Build.0 = Release|Any CPU
		{F97EF060-2759-4314-802E-DB151CE8806B}.Debug|Any CPU.ActiveCfg = Debug|x86
		{F97EF060-2759-4314-802E-DB151CE8806B}.Debug|Any CPU.Build.0 = Debug|x86
		{F97EF060-2759-4314-802E-DB151CE8806B}.Debug|Any CPU.Deploy.0 = Debug|x86
		{F97EF060-2759-4314-802E-DB151CE8806B}.Debug|ARM.ActiveCfg = Debug|ARM
		{F97EF060-2759-4314-802E-DB151CE8806B}.Debug|ARM.Build.0 = Debug|ARM
		{F97EF060-2759-4314-802E-DB151CE8806B}.Debug|ARM.Deploy.0 = Debug|ARM
		{F97EF060-2759-4314-802E-DB151CE8806B}.Debug|iPhone.ActiveCfg = Debug|x86
		{F97EF060-2759-4314-802E-DB151CE8806B}.Debug|iPhoneSimulator.ActiveCfg = Debug|x86
		{F97EF060-2759-4314-802E-DB151CE8806B}.Debug|x64.ActiveCfg = Debug|x64
		{F97EF060-2759-4314-802E-DB151CE8806B}.Debug|x64.Build.0 = Debug|x64
		{F97EF060-2759-4314-802E-DB151CE8806B}.Debug|x64.Deploy.0 = Debug|x64
		{F97EF060-2759-4314-802E-DB151CE8806B}.Debug|x86.ActiveCfg = Debug|x86
		{F97EF060-2759-4314-802E-DB151CE8806B}.Debug|x86.Build.0 = Debug|x86
		{F97EF060-2759-4314-802E-DB151CE8806B}.Debug|x86.Deploy.0 = Debug|x86
		{F97EF060-2759-4314-802E-DB151CE8806B}.Release|Any CPU.ActiveCfg = Release|x86
		{F97EF060-2759-4314-802E-DB151CE8806B}.Release|ARM.ActiveCfg = Release|ARM
		{F97EF060-2759-4314-802E-DB151CE8806B}.Release|ARM.Build.0 = Release|ARM
		{F97EF060-2759-4314-802E-DB151CE8806B}.Release|ARM.Deploy.0 = Release|ARM
		{F97EF060-2759-4314-802E-DB151CE8806B}.Release|iPhone.ActiveCfg = Release|x86
		{F97EF060-2759-4314-802E-DB151CE8806B}.Release|iPhoneSimulator.ActiveCfg = Release|x86
		{F97EF060-2759-4314-802E-DB151CE8806B}.Release|x64.ActiveCfg = Release|x64
		{F97EF060-2759-4314-802E-DB151CE8806B}.Release|x64.Build.0 = Release|x64
		{F97EF060-2759-4314-802E-DB151CE8806B}.Release|x64.Deploy.0 = Release|x64
		{F97EF060-2759-4314-802E-DB151CE8806B}.Release|x86.ActiveCfg = Release|x86
		{F97EF060-2759-4314-802E-DB151CE8806B}.Release|x86.Build.0 = Release|x86
		{F97EF060-2759-4314-802E-DB151CE8806B}.Release|x86.Deploy.0 = Release|x86
		{7DBC7D5D-0A7E-418C-A7CA-827170FB5CF1}.Debug|Any CPU.ActiveCfg = Debug|Any CPU
		{7DBC7D5D-0A7E-418C-A7CA-827170FB5CF1}.Debug|Any CPU.Build.0 = Debug|Any CPU
		{7DBC7D5D-0A7E-418C-A7CA-827170FB5CF1}.Debug|Any CPU.Deploy.0 = Debug|Any CPU
		{7DBC7D5D-0A7E-418C-A7CA-827170FB5CF1}.Debug|ARM.ActiveCfg = Debug|Any CPU
		{7DBC7D5D-0A7E-418C-A7CA-827170FB5CF1}.Debug|ARM.Build.0 = Debug|Any CPU
		{7DBC7D5D-0A7E-418C-A7CA-827170FB5CF1}.Debug|ARM.Deploy.0 = Debug|Any CPU
		{7DBC7D5D-0A7E-418C-A7CA-827170FB5CF1}.Debug|iPhone.ActiveCfg = Debug|Any CPU
		{7DBC7D5D-0A7E-418C-A7CA-827170FB5CF1}.Debug|iPhone.Build.0 = Debug|Any CPU
		{7DBC7D5D-0A7E-418C-A7CA-827170FB5CF1}.Debug|iPhone.Deploy.0 = Debug|Any CPU
		{7DBC7D5D-0A7E-418C-A7CA-827170FB5CF1}.Debug|iPhoneSimulator.ActiveCfg = Debug|Any CPU
		{7DBC7D5D-0A7E-418C-A7CA-827170FB5CF1}.Debug|iPhoneSimulator.Build.0 = Debug|Any CPU
		{7DBC7D5D-0A7E-418C-A7CA-827170FB5CF1}.Debug|iPhoneSimulator.Deploy.0 = Debug|Any CPU
		{7DBC7D5D-0A7E-418C-A7CA-827170FB5CF1}.Debug|x64.ActiveCfg = Debug|Any CPU
		{7DBC7D5D-0A7E-418C-A7CA-827170FB5CF1}.Debug|x64.Build.0 = Debug|Any CPU
		{7DBC7D5D-0A7E-418C-A7CA-827170FB5CF1}.Debug|x64.Deploy.0 = Debug|Any CPU
		{7DBC7D5D-0A7E-418C-A7CA-827170FB5CF1}.Debug|x86.ActiveCfg = Debug|Any CPU
		{7DBC7D5D-0A7E-418C-A7CA-827170FB5CF1}.Debug|x86.Build.0 = Debug|Any CPU
		{7DBC7D5D-0A7E-418C-A7CA-827170FB5CF1}.Debug|x86.Deploy.0 = Debug|Any CPU
		{7DBC7D5D-0A7E-418C-A7CA-827170FB5CF1}.Release|Any CPU.ActiveCfg = Release|Any CPU
		{7DBC7D5D-0A7E-418C-A7CA-827170FB5CF1}.Release|Any CPU.Build.0 = Release|Any CPU
		{7DBC7D5D-0A7E-418C-A7CA-827170FB5CF1}.Release|Any CPU.Deploy.0 = Release|Any CPU
		{7DBC7D5D-0A7E-418C-A7CA-827170FB5CF1}.Release|ARM.ActiveCfg = Release|Any CPU
		{7DBC7D5D-0A7E-418C-A7CA-827170FB5CF1}.Release|ARM.Build.0 = Release|Any CPU
		{7DBC7D5D-0A7E-418C-A7CA-827170FB5CF1}.Release|ARM.Deploy.0 = Release|Any CPU
		{7DBC7D5D-0A7E-418C-A7CA-827170FB5CF1}.Release|iPhone.ActiveCfg = Release|Any CPU
		{7DBC7D5D-0A7E-418C-A7CA-827170FB5CF1}.Release|iPhone.Build.0 = Release|Any CPU
		{7DBC7D5D-0A7E-418C-A7CA-827170FB5CF1}.Release|iPhone.Deploy.0 = Release|Any CPU
		{7DBC7D5D-0A7E-418C-A7CA-827170FB5CF1}.Release|iPhoneSimulator.ActiveCfg = Release|Any CPU
		{7DBC7D5D-0A7E-418C-A7CA-827170FB5CF1}.Release|iPhoneSimulator.Build.0 = Release|Any CPU
		{7DBC7D5D-0A7E-418C-A7CA-827170FB5CF1}.Release|iPhoneSimulator.Deploy.0 = Release|Any CPU
		{7DBC7D5D-0A7E-418C-A7CA-827170FB5CF1}.Release|x64.ActiveCfg = Release|Any CPU
		{7DBC7D5D-0A7E-418C-A7CA-827170FB5CF1}.Release|x64.Build.0 = Release|Any CPU
		{7DBC7D5D-0A7E-418C-A7CA-827170FB5CF1}.Release|x64.Deploy.0 = Release|Any CPU
		{7DBC7D5D-0A7E-418C-A7CA-827170FB5CF1}.Release|x86.ActiveCfg = Release|Any CPU
		{7DBC7D5D-0A7E-418C-A7CA-827170FB5CF1}.Release|x86.Build.0 = Release|Any CPU
		{7DBC7D5D-0A7E-418C-A7CA-827170FB5CF1}.Release|x86.Deploy.0 = Release|Any CPU
		{5B798421-5FB0-419C-AC63-8B77F1D48814}.Debug|Any CPU.ActiveCfg = Debug|iPhoneSimulator
		{5B798421-5FB0-419C-AC63-8B77F1D48814}.Debug|Any CPU.Build.0 = Debug|iPhoneSimulator
		{5B798421-5FB0-419C-AC63-8B77F1D48814}.Debug|ARM.ActiveCfg = Debug|iPhoneSimulator
		{5B798421-5FB0-419C-AC63-8B77F1D48814}.Debug|iPhone.ActiveCfg = Debug|iPhone
		{5B798421-5FB0-419C-AC63-8B77F1D48814}.Debug|iPhone.Build.0 = Debug|iPhone
		{5B798421-5FB0-419C-AC63-8B77F1D48814}.Debug|iPhoneSimulator.ActiveCfg = Debug|iPhoneSimulator
		{5B798421-5FB0-419C-AC63-8B77F1D48814}.Debug|iPhoneSimulator.Build.0 = Debug|iPhoneSimulator
		{5B798421-5FB0-419C-AC63-8B77F1D48814}.Debug|x64.ActiveCfg = Debug|iPhoneSimulator
		{5B798421-5FB0-419C-AC63-8B77F1D48814}.Debug|x86.ActiveCfg = Debug|iPhoneSimulator
		{5B798421-5FB0-419C-AC63-8B77F1D48814}.Release|Any CPU.ActiveCfg = Release|iPhoneSimulator
		{5B798421-5FB0-419C-AC63-8B77F1D48814}.Release|ARM.ActiveCfg = Release|iPhoneSimulator
		{5B798421-5FB0-419C-AC63-8B77F1D48814}.Release|iPhone.ActiveCfg = Release|iPhone
		{5B798421-5FB0-419C-AC63-8B77F1D48814}.Release|iPhone.Build.0 = Release|iPhone
		{5B798421-5FB0-419C-AC63-8B77F1D48814}.Release|iPhoneSimulator.ActiveCfg = Release|iPhoneSimulator
		{5B798421-5FB0-419C-AC63-8B77F1D48814}.Release|iPhoneSimulator.Build.0 = Release|iPhoneSimulator
		{5B798421-5FB0-419C-AC63-8B77F1D48814}.Release|x64.ActiveCfg = Release|iPhoneSimulator
		{5B798421-5FB0-419C-AC63-8B77F1D48814}.Release|x86.ActiveCfg = Release|iPhoneSimulator
		{D4454B23-E190-4CD1-AF4E-5DEFB75659E6}.Debug|Any CPU.ActiveCfg = Debug|Any CPU
		{D4454B23-E190-4CD1-AF4E-5DEFB75659E6}.Debug|Any CPU.Build.0 = Debug|Any CPU
		{D4454B23-E190-4CD1-AF4E-5DEFB75659E6}.Debug|ARM.ActiveCfg = Debug|Any CPU
		{D4454B23-E190-4CD1-AF4E-5DEFB75659E6}.Debug|ARM.Build.0 = Debug|Any CPU
		{D4454B23-E190-4CD1-AF4E-5DEFB75659E6}.Debug|iPhone.ActiveCfg = Debug|Any CPU
		{D4454B23-E190-4CD1-AF4E-5DEFB75659E6}.Debug|iPhone.Build.0 = Debug|Any CPU
		{D4454B23-E190-4CD1-AF4E-5DEFB75659E6}.Debug|iPhoneSimulator.ActiveCfg = Debug|Any CPU
		{D4454B23-E190-4CD1-AF4E-5DEFB75659E6}.Debug|iPhoneSimulator.Build.0 = Debug|Any CPU
		{D4454B23-E190-4CD1-AF4E-5DEFB75659E6}.Debug|x64.ActiveCfg = Debug|Any CPU
		{D4454B23-E190-4CD1-AF4E-5DEFB75659E6}.Debug|x64.Build.0 = Debug|Any CPU
		{D4454B23-E190-4CD1-AF4E-5DEFB75659E6}.Debug|x86.ActiveCfg = Debug|Any CPU
		{D4454B23-E190-4CD1-AF4E-5DEFB75659E6}.Debug|x86.Build.0 = Debug|Any CPU
		{D4454B23-E190-4CD1-AF4E-5DEFB75659E6}.Release|Any CPU.ActiveCfg = Release|Any CPU
		{D4454B23-E190-4CD1-AF4E-5DEFB75659E6}.Release|Any CPU.Build.0 = Release|Any CPU
		{D4454B23-E190-4CD1-AF4E-5DEFB75659E6}.Release|ARM.ActiveCfg = Release|Any CPU
		{D4454B23-E190-4CD1-AF4E-5DEFB75659E6}.Release|ARM.Build.0 = Release|Any CPU
		{D4454B23-E190-4CD1-AF4E-5DEFB75659E6}.Release|iPhone.ActiveCfg = Release|Any CPU
		{D4454B23-E190-4CD1-AF4E-5DEFB75659E6}.Release|iPhone.Build.0 = Release|Any CPU
		{D4454B23-E190-4CD1-AF4E-5DEFB75659E6}.Release|iPhoneSimulator.ActiveCfg = Release|Any CPU
		{D4454B23-E190-4CD1-AF4E-5DEFB75659E6}.Release|iPhoneSimulator.Build.0 = Release|Any CPU
		{D4454B23-E190-4CD1-AF4E-5DEFB75659E6}.Release|x64.ActiveCfg = Release|Any CPU
		{D4454B23-E190-4CD1-AF4E-5DEFB75659E6}.Release|x64.Build.0 = Release|Any CPU
		{D4454B23-E190-4CD1-AF4E-5DEFB75659E6}.Release|x86.ActiveCfg = Release|Any CPU
		{D4454B23-E190-4CD1-AF4E-5DEFB75659E6}.Release|x86.Build.0 = Release|Any CPU
		{EE76787E-CE4B-42E7-AC60-8382C7724300}.Debug|Any CPU.ActiveCfg = Debug|Any CPU
		{EE76787E-CE4B-42E7-AC60-8382C7724300}.Debug|Any CPU.Build.0 = Debug|Any CPU
		{EE76787E-CE4B-42E7-AC60-8382C7724300}.Debug|ARM.ActiveCfg = Debug|Any CPU
		{EE76787E-CE4B-42E7-AC60-8382C7724300}.Debug|ARM.Build.0 = Debug|Any CPU
		{EE76787E-CE4B-42E7-AC60-8382C7724300}.Debug|iPhone.ActiveCfg = Debug|Any CPU
		{EE76787E-CE4B-42E7-AC60-8382C7724300}.Debug|iPhone.Build.0 = Debug|Any CPU
		{EE76787E-CE4B-42E7-AC60-8382C7724300}.Debug|iPhoneSimulator.ActiveCfg = Debug|Any CPU
		{EE76787E-CE4B-42E7-AC60-8382C7724300}.Debug|iPhoneSimulator.Build.0 = Debug|Any CPU
		{EE76787E-CE4B-42E7-AC60-8382C7724300}.Debug|x64.ActiveCfg = Debug|Any CPU
		{EE76787E-CE4B-42E7-AC60-8382C7724300}.Debug|x64.Build.0 = Debug|Any CPU
		{EE76787E-CE4B-42E7-AC60-8382C7724300}.Debug|x86.ActiveCfg = Debug|Any CPU
		{EE76787E-CE4B-42E7-AC60-8382C7724300}.Debug|x86.Build.0 = Debug|Any CPU
		{EE76787E-CE4B-42E7-AC60-8382C7724300}.Release|Any CPU.ActiveCfg = Release|Any CPU
		{EE76787E-CE4B-42E7-AC60-8382C7724300}.Release|Any CPU.Build.0 = Release|Any CPU
		{EE76787E-CE4B-42E7-AC60-8382C7724300}.Release|ARM.ActiveCfg = Release|Any CPU
		{EE76787E-CE4B-42E7-AC60-8382C7724300}.Release|ARM.Build.0 = Release|Any CPU
		{EE76787E-CE4B-42E7-AC60-8382C7724300}.Release|iPhone.ActiveCfg = Release|Any CPU
		{EE76787E-CE4B-42E7-AC60-8382C7724300}.Release|iPhone.Build.0 = Release|Any CPU
		{EE76787E-CE4B-42E7-AC60-8382C7724300}.Release|iPhoneSimulator.ActiveCfg = Release|Any CPU
		{EE76787E-CE4B-42E7-AC60-8382C7724300}.Release|iPhoneSimulator.Build.0 = Release|Any CPU
		{EE76787E-CE4B-42E7-AC60-8382C7724300}.Release|x64.ActiveCfg = Release|Any CPU
		{EE76787E-CE4B-42E7-AC60-8382C7724300}.Release|x64.Build.0 = Release|Any CPU
		{EE76787E-CE4B-42E7-AC60-8382C7724300}.Release|x86.ActiveCfg = Release|Any CPU
		{EE76787E-CE4B-42E7-AC60-8382C7724300}.Release|x86.Build.0 = Release|Any CPU
	EndGlobalSection
	GlobalSection(SolutionProperties) = preSolution
		HideSolutionNode = FALSE
	EndGlobalSection
	GlobalSection(ExtensibilityGlobals) = postSolution
		SolutionGuid = {B6005858-7C8E-447E-BC5D-31BC69F5541A}
	EndGlobalSection
EndGlobal
